{
  "name": "para-admin-ui",
  "version": "1.3.0",
  "lockfileVersion": 1,
  "requires": true,
  "dependencies": {
    "Base64": {
      "version": "0.2.1",
      "resolved": "https://registry.npmjs.org/Base64/-/Base64-0.2.1.tgz",
      "integrity": "sha1-ujpCMHCOGGcFBl5mur3Uw1z2ACg="
    },
    "JSV": {
      "version": "4.0.2",
      "resolved": "https://registry.npmjs.org/JSV/-/JSV-4.0.2.tgz",
      "integrity": "sha1-0Hf2glVx+CEy+d/67Vh7QCn+/1c="
    },
    "admin-config": {
      "version": "0.12.4",
      "resolved": "https://registry.npmjs.org/admin-config/-/admin-config-0.12.4.tgz",
      "integrity": "sha512-vHiZIDK4QysLXKOGrRJ9IZlUfJuvSUQUELJz4oaj0o70KD7v+Fsate1dMVQd+1LS1VbN73BZe1aEPw8mEjeDcw=="
    },
    "angular": {
      "version": "1.6.10",
      "resolved": "https://registry.npmjs.org/angular/-/angular-1.6.10.tgz",
      "integrity": "sha512-PCZ5/hVdvPQiYyH0VwsPjrErPHRcITnaXxhksceOXgtJeesKHLA7KDu4X/yvcAi+1zdGgGF+9pDxkJvghXI9Wg=="
    },
    "angular-numeraljs": {
      "version": "1.3.2",
      "resolved": "https://registry.npmjs.org/angular-numeraljs/-/angular-numeraljs-1.3.2.tgz",
      "integrity": "sha1-LEAt2L6pEIrQnZqbQc3KEFMzssw=",
      "requires": {
        "numeral": "~1.5"
      }
    },
    "angular-sanitize": {
      "version": "1.7.2",
      "resolved": "https://registry.npmjs.org/angular-sanitize/-/angular-sanitize-1.7.2.tgz",
      "integrity": "sha512-8XmhwhT+TwnLzz4VMq9kIqj9b2aBt4lgYWRw9s+Q8ysx0z/glDcnoPxMrlR/dXItlww8NM/1pscgO1bGVGdiXA=="
    },
    "angular-translate": {
      "version": "2.18.1",
      "resolved": "https://registry.npmjs.org/angular-translate/-/angular-translate-2.18.1.tgz",
      "integrity": "sha512-Mw0kFBqsv5j8ItL9IhRZunIlVmIRW6iFsiTmRs9wGr2QTt8z4rehYlWyHos8qnXc/kyOYJiW50iH50CSNHGB9A==",
      "requires": {
        "angular": ">=1.2.26 <=1.7"
      }
    },
    "angular-ui-bootstrap": {
      "version": "1.2.5",
      "resolved": "https://registry.npmjs.org/angular-ui-bootstrap/-/angular-ui-bootstrap-1.2.5.tgz",
      "integrity": "sha1-sMHv8L87emVmiYShuBggqQ3GCZU="
    },
    "angular-ui-codemirror": {
      "version": "github:jpetitcolas/ui-codemirror#f1f5385799494d3260a31b12c814a7ab54b91948",
      "from": "github:jpetitcolas/ui-codemirror#di"
    },
    "angular-ui-router": {
      "version": "0.4.3",
      "resolved": "https://registry.npmjs.org/angular-ui-router/-/angular-ui-router-0.4.3.tgz",
      "integrity": "sha512-EGBG7G7ArFVkJPM+ZIgPKuMYuT16UQrr3zj3BEiXHKwxss867bGt3u7QD9g4BxR+K2qQOSWok6JGvgTWXAko3A==",
      "requires": {
        "angular": "^1.0.8"
      }
    },
    "ansi-styles": {
      "version": "1.0.0",
      "resolved": "https://registry.npmjs.org/ansi-styles/-/ansi-styles-1.0.0.tgz",
      "integrity": "sha1-yxAt8cVvUSPquLZ817mAJ6AnkXg="
    },
    "assert": {
      "version": "1.4.1",
      "resolved": "https://registry.npmjs.org/assert/-/assert-1.4.1.tgz",
      "integrity": "sha1-mZEtWRg2tab1s0XA8H7vwI/GXZE=",
      "requires": {
        "util": "0.10.3"
      },
      "dependencies": {
        "util": {
          "version": "0.10.3",
          "resolved": "https://registry.npmjs.org/util/-/util-0.10.3.tgz",
          "integrity": "sha1-evsa/lCAUkZInj23/g7TeTNqwPk=",
          "requires": {
            "inherits": "2.0.1"
          }
        }
      }
    },
    "base64-js": {
      "version": "0.0.8",
      "resolved": "https://registry.npmjs.org/base64-js/-/base64-js-0.0.8.tgz",
      "integrity": "sha1-EQHpVE9KdrG8OybUUsqW16NeeXg="
    },
    "bootstrap-sass": {
      "version": "3.3.7",
      "resolved": "https://registry.npmjs.org/bootstrap-sass/-/bootstrap-sass-3.3.7.tgz",
      "integrity": "sha1-ZZbHq0D2Y3OTMjqwvIDQZPxjBJg="
    },
    "browserify-zlib": {
      "version": "0.1.4",
      "resolved": "https://registry.npmjs.org/browserify-zlib/-/browserify-zlib-0.1.4.tgz",
      "integrity": "sha1-uzX4pRn2AOD6a4SFJByXnQFB+y0=",
      "requires": {
        "pako": "~0.2.0"
      }
    },
    "buffer": {
      "version": "3.6.0",
      "resolved": "https://registry.npmjs.org/buffer/-/buffer-3.6.0.tgz",
      "integrity": "sha1-pyyTb3e5a/UvX357RnGAYoVR3vs=",
      "requires": {
        "base64-js": "0.0.8",
        "ieee754": "^1.1.4",
        "isarray": "^1.0.0"
      }
    },
    "chalk": {
      "version": "0.4.0",
      "resolved": "https://registry.npmjs.org/chalk/-/chalk-0.4.0.tgz",
      "integrity": "sha1-UZmj3c0MHv4jvAjBsCewYXbgxk8=",
      "requires": {
        "ansi-styles": "~1.0.0",
        "has-color": "~0.1.0",
        "strip-ansi": "~0.1.0"
      }
    },
    "codemirror": {
      "version": "5.39.2",
      "resolved": "https://registry.npmjs.org/codemirror/-/codemirror-5.39.2.tgz",
      "integrity": "sha512-mchBy0kQ1Wggi+e58SmoLgKO4nG7s/BqNg6/6TRbhsnXI/KRG+fKAvRQ1LLhZZ6ZtUoDQ0dl5aMhE+IkSRh60Q=="
    },
    "console-browserify": {
      "version": "1.1.0",
      "resolved": "https://registry.npmjs.org/console-browserify/-/console-browserify-1.1.0.tgz",
      "integrity": "sha1-8CQcRXMKn8YyOyBtvzjtx0HQuxA=",
      "requires": {
        "date-now": "^0.1.4"
      }
    },
    "constants-browserify": {
      "version": "0.0.1",
      "resolved": "https://registry.npmjs.org/constants-browserify/-/constants-browserify-0.0.1.tgz",
      "integrity": "sha1-kld9tSe6bEzwpFaNhLwDH0QeIfI="
    },
    "core-js": {
      "version": "0.6.1",
      "resolved": "https://registry.npmjs.org/core-js/-/core-js-0.6.1.tgz",
      "integrity": "sha1-G0lwhz6BAb+MQ1rwlfqpAk9Lm1g="
    },
    "core-util-is": {
      "version": "1.0.2",
      "resolved": "https://registry.npmjs.org/core-util-is/-/core-util-is-1.0.2.tgz",
      "integrity": "sha1-tf1UIgqivFq1eqtxQMlAdUUDwac="
    },
    "crypto-browserify": {
      "version": "3.2.8",
      "resolved": "https://registry.npmjs.org/crypto-browserify/-/crypto-browserify-3.2.8.tgz",
      "integrity": "sha1-ubEdvm2WUd2IKgHmzEZ99xjs8Yk=",
      "requires": {
        "pbkdf2-compat": "2.0.1",
        "ripemd160": "0.2.0",
        "sha.js": "2.2.6"
      }
    },
    "date-now": {
      "version": "0.1.4",
      "resolved": "https://registry.npmjs.org/date-now/-/date-now-0.1.4.tgz",
      "integrity": "sha1-6vQ5/U1ISK105cx9vvIAZyueNFs="
    },
    "domain-browser": {
      "version": "1.2.0",
      "resolved": "https://registry.npmjs.org/domain-browser/-/domain-browser-1.2.0.tgz",
      "integrity": "sha512-jnjyiM6eRyZl2H+W8Q/zLMA481hzi0eszAaBUzIVnmYVDBbnLxVNnfu1HgEBvCbL+71FrxMl3E6lpKH7Ge3OXA=="
    },
    "es6-promise": {
      "version": "2.3.0",
      "resolved": "https://registry.npmjs.org/es6-promise/-/es6-promise-2.3.0.tgz",
      "integrity": "sha1-lu258v2wGZWCKyY92KratnSBgbw="
    },
    "events": {
      "version": "1.1.1",
      "resolved": "https://registry.npmjs.org/events/-/events-1.1.1.tgz",
      "integrity": "sha1-nr23Y1rQmccNzEwqH1AEKI6L2SQ="
    },
    "font-awesome": {
      "version": "4.7.0",
      "resolved": "https://registry.npmjs.org/font-awesome/-/font-awesome-4.7.0.tgz",
      "integrity": "sha1-j6jPBBGhoxr9B7BtKQK7n8gVoTM="
    },
    "has-color": {
      "version": "0.1.7",
      "resolved": "https://registry.npmjs.org/has-color/-/has-color-0.1.7.tgz",
      "integrity": "sha1-ZxRKUmDDT8PMpnfQQdr1L+e3iy8="
    },
    "http-browserify": {
      "version": "1.7.0",
      "resolved": "https://registry.npmjs.org/http-browserify/-/http-browserify-1.7.0.tgz",
      "integrity": "sha1-M3la3nLfiKz7/TZ3PO/tp2RzWyA=",
      "requires": {
        "Base64": "~0.2.0",
        "inherits": "~2.0.1"
      }
    },
    "https-browserify": {
      "version": "0.0.0",
      "resolved": "https://registry.npmjs.org/https-browserify/-/https-browserify-0.0.0.tgz",
      "integrity": "sha1-s//f5zSyo9Sp79WOhlTJH86G6v0="
    },
    "humane-js": {
      "version": "3.2.2",
      "resolved": "https://registry.npmjs.org/humane-js/-/humane-js-3.2.2.tgz",
      "integrity": "sha1-t2KvX4skbz/W9FXrExwlK9XACow="
    },
    "ieee754": {
      "version": "1.1.12",
      "resolved": "https://registry.npmjs.org/ieee754/-/ieee754-1.1.12.tgz",
      "integrity": "sha512-GguP+DRY+pJ3soyIiGPTvdiVXjZ+DbXOxGpXn3eMvNW4x4irjqXm4wHKscC+TfxSJ0yw/S1F24tqdMNsMZTiLA=="
    },
    "indexof": {
      "version": "0.0.1",
      "resolved": "https://registry.npmjs.org/indexof/-/indexof-0.0.1.tgz",
      "integrity": "sha1-gtwzbSMrkGIXnQWrMpOmYFn9Q10="
    },
    "inflection": {
      "version": "1.4.2",
      "resolved": "https://registry.npmjs.org/inflection/-/inflection-1.4.2.tgz",
      "integrity": "sha1-i9327eZgFM0zKT3+duGKd/U9Sjo="
    },
    "inherits": {
      "version": "2.0.1",
      "resolved": "https://registry.npmjs.org/inherits/-/inherits-2.0.1.tgz",
      "integrity": "sha1-sX0I0ya0Qj5Wjv9xn5GwscvfafE="
    },
    "isarray": {
      "version": "1.0.0",
      "resolved": "https://registry.npmjs.org/isarray/-/isarray-1.0.0.tgz",
      "integrity": "sha1-u5NdSFgsuhaMBoNJV6VKPgcSTxE="
    },
    "jsonlint": {
      "version": "1.6.3",
      "resolved": "https://registry.npmjs.org/jsonlint/-/jsonlint-1.6.3.tgz",
      "integrity": "sha512-jMVTMzP+7gU/IyC6hvKyWpUU8tmTkK5b3BPNuMI9U8Sit+YAWLlZwB6Y6YrdCxfg2kNz05p3XY3Bmm4m26Nv3A==",
      "requires": {
        "JSV": "^4.0.x",
        "nomnom": "^1.5.x"
      }
    },
    "jsrsasign": {
      "version": "8.0.12",
      "resolved": "https://registry.npmjs.org/jsrsasign/-/jsrsasign-8.0.12.tgz",
      "integrity": "sha1-Iqu5ZW00owuVMENnIINeicLlwxY="
    },
    "lodash": {
      "version": "4.17.11",
      "resolved": "https://registry.npmjs.org/lodash/-/lodash-4.17.11.tgz",
      "integrity": "sha512-cQKh8igo5QUhZ7lg38DYWAxMvjSAKG0A8wGSVimP07SIUEK2UO+arSRKbRZWtelMtN5V0Hkwh5ryOto/SshYIg=="
    },
    "lodash.debounce": {
      "version": "4.0.8",
      "resolved": "https://registry.npmjs.org/lodash.debounce/-/lodash.debounce-4.0.8.tgz",
      "integrity": "sha1-gteb/zCmfEAF/9XiUVMArZyk168="
    },
    "ng-admin": {
      "version": "1.0.13",
      "resolved": "https://registry.npmjs.org/ng-admin/-/ng-admin-1.0.13.tgz",
      "integrity": "sha512-9tiJ3lWFY1rC2Eq8/H8aQl5oFVypJ+DTekNHt4fh6RrkGoAwroB2J5VY6PSZnPhj+CAS8pHb8hf/x4pnEJlXpQ==",
      "requires": {
        "admin-config": "^0.12.4",
        "angular": "~1.6.1",
        "angular-numeraljs": "^1.1.6",
        "angular-sanitize": "^1.3.15",
        "angular-translate": "^2.11.0",
        "angular-ui-bootstrap": "~1.2.1",
        "angular-ui-codemirror": "github:jpetitcolas/ui-codemirror#f1f5385799494d3260a31b12c814a7ab54b91948",
        "angular-ui-router": "~0.4.0",
        "bootstrap-sass": "^3.3.7",
        "codemirror": "^5.2.0",
        "core-js": "^0.6.1",
        "es6-promise": "^2.3.0",
        "font-awesome": "^4.3.0",
        "humane-js": "^3.2.2",
        "jsonlint": "^1.6.2",
        "lodash.debounce": "4.0.8",
        "ng-file-upload": "^7.0.12",
        "nginflection": "^1.1.10",
        "node-libs-browser": "^0.5.0",
        "nprogress": "^0.2.0",
        "numeral": "^1.5.3",
        "papaparse": "^4.1.1",
        "rangy": "^1.3.0",
        "restangular": "~1.5.2",
        "textangular": "1.4.3",
        "ui-select": "0.18.1"
      }
    },
    "ng-file-upload": {
      "version": "7.3.9",
      "resolved": "https://registry.npmjs.org/ng-file-upload/-/ng-file-upload-7.3.9.tgz",
      "integrity": "sha1-jiU5bZjJJOPDQVMhKU5Eh9p1HEs="
    },
    "nginflection": {
      "version": "1.1.10",
      "resolved": "https://registry.npmjs.org/nginflection/-/nginflection-1.1.10.tgz",
      "integrity": "sha1-+ipQdr+gFuywZeDJz6y7mZtM/a8=",
      "requires": {
        "angular": "^1.3.14",
        "inflection": "~1.4.0"
      }
    },
    "node-libs-browser": {
      "version": "0.5.3",
      "resolved": "https://registry.npmjs.org/node-libs-browser/-/node-libs-browser-0.5.3.tgz",
      "integrity": "sha1-Ve+oiOyQes24z/xOelFxJ4DhO2o=",
      "requires": {
        "assert": "^1.1.1",
        "browserify-zlib": "~0.1.4",
        "buffer": "^3.0.3",
        "console-browserify": "^1.1.0",
        "constants-browserify": "0.0.1",
        "crypto-browserify": "~3.2.6",
        "domain-browser": "^1.1.1",
        "events": "^1.0.0",
        "http-browserify": "^1.3.2",
        "https-browserify": "0.0.0",
        "os-browserify": "~0.1.2",
        "path-browserify": "0.0.0",
        "process": "^0.11.0",
        "punycode": "^1.2.4",
        "querystring-es3": "~0.2.0",
        "readable-stream": "^1.1.13",
        "stream-browserify": "^1.0.0",
        "string_decoder": "~0.10.25",
        "timers-browserify": "^1.0.1",
        "tty-browserify": "0.0.0",
        "url": "~0.10.1",
        "util": "~0.10.3",
        "vm-browserify": "0.0.4"
      }
    },
    "nomnom": {
      "version": "1.8.1",
      "resolved": "https://registry.npmjs.org/nomnom/-/nomnom-1.8.1.tgz",
      "integrity": "sha1-IVH3Ikcrp55Qp2/BJbuMjy5Nwqc=",
      "requires": {
        "chalk": "~0.4.0",
        "underscore": "~1.6.0"
      }
    },
    "nprogress": {
      "version": "0.2.0",
      "resolved": "https://registry.npmjs.org/nprogress/-/nprogress-0.2.0.tgz",
      "integrity": "sha1-y480xTIT2JVyP8urkH6UIq28r7E="
    },
    "numeral": {
      "version": "1.5.6",
      "resolved": "https://registry.npmjs.org/numeral/-/numeral-1.5.6.tgz",
      "integrity": "sha1-ODHbloRRuc9q/5v5WSXx7443sz8="
    },
    "os-browserify": {
      "version": "0.1.2",
      "resolved": "https://registry.npmjs.org/os-browserify/-/os-browserify-0.1.2.tgz",
      "integrity": "sha1-ScoCk+CxlZCl9d4Qx/JlphfY/lQ="
    },
    "pako": {
      "version": "0.2.9",
      "resolved": "https://registry.npmjs.org/pako/-/pako-0.2.9.tgz",
      "integrity": "sha1-8/dSL073gjSNqBYbrZ7P1Rv4OnU="
    },
    "papaparse": {
      "version": "4.6.0",
      "resolved": "https://registry.npmjs.org/papaparse/-/papaparse-4.6.0.tgz",
      "integrity": "sha512-ylm8pmgyz9rkS3Ng/ru5tHUF3JxWwKYP0aZZWZ8eCGdSxoqgYiDUXLNQei73mUJOjHw8QNu5ZNCsLoDpkMA6sg=="
    },
    "path-browserify": {
      "version": "0.0.0",
      "resolved": "https://registry.npmjs.org/path-browserify/-/path-browserify-0.0.0.tgz",
      "integrity": "sha1-oLhwcpquIUAFt9UDLsLLuw+0RRo="
    },
    "pbkdf2-compat": {
      "version": "2.0.1",
      "resolved": "https://registry.npmjs.org/pbkdf2-compat/-/pbkdf2-compat-2.0.1.tgz",
      "integrity": "sha1-tuDI+plJTZTgURV1gCpZpcFC8og="
    },
    "process": {
      "version": "0.11.10",
      "resolved": "https://registry.npmjs.org/process/-/process-0.11.10.tgz",
      "integrity": "sha1-czIwDoQBYb2j5podHZGn1LwW8YI="
    },
    "punycode": {
      "version": "1.4.1",
      "resolved": "https://registry.npmjs.org/punycode/-/punycode-1.4.1.tgz",
      "integrity": "sha1-wNWmOycYgArY4esPpSachN1BhF4="
    },
    "querystring": {
      "version": "0.2.0",
      "resolved": "https://registry.npmjs.org/querystring/-/querystring-0.2.0.tgz",
      "integrity": "sha1-sgmEkgO7Jd+CDadW50cAWHhSFiA="
    },
    "querystring-es3": {
      "version": "0.2.1",
      "resolved": "https://registry.npmjs.org/querystring-es3/-/querystring-es3-0.2.1.tgz",
      "integrity": "sha1-nsYfeQSYdXB9aUFFlv2Qek1xHnM="
    },
    "rangy": {
      "version": "1.3.0",
      "resolved": "https://registry.npmjs.org/rangy/-/rangy-1.3.0.tgz",
      "integrity": "sha1-t8mnCuoF5djNx0qNTIJz1pcnGQQ="
    },
    "readable-stream": {
      "version": "1.1.14",
      "resolved": "https://registry.npmjs.org/readable-stream/-/readable-stream-1.1.14.tgz",
      "integrity": "sha1-fPTFTvZI44EwhMY23SB54WbAgdk=",
      "requires": {
        "core-util-is": "~1.0.0",
        "inherits": "~2.0.1",
        "isarray": "0.0.1",
        "string_decoder": "~0.10.x"
      },
      "dependencies": {
        "isarray": {
          "version": "0.0.1",
          "resolved": "https://registry.npmjs.org/isarray/-/isarray-0.0.1.tgz",
          "integrity": "sha1-ihis/Kmo9Bd+Cav8YDiTmwXR7t8="
        }
      }
    },
    "restangular": {
      "version": "1.5.2",
      "resolved": "https://registry.npmjs.org/restangular/-/restangular-1.5.2.tgz",
      "integrity": "sha1-p1FVGaerDCushmenf/5TBWLpJYk=",
      "requires": {
        "lodash": ">=1.3.0"
      }
    },
    "ripemd160": {
      "version": "0.2.0",
      "resolved": "https://registry.npmjs.org/ripemd160/-/ripemd160-0.2.0.tgz",
      "integrity": "sha1-K/GYveFnys+lHAqSjoS2i74XH84="
    },
    "sha.js": {
      "version": "2.2.6",
      "resolved": "https://registry.npmjs.org/sha.js/-/sha.js-2.2.6.tgz",
      "integrity": "sha1-F93t3F9yL7ZlAWWIlUYZd4ZzFbo="
    },
    "stream-browserify": {
      "version": "1.0.0",
      "resolved": "https://registry.npmjs.org/stream-browserify/-/stream-browserify-1.0.0.tgz",
      "integrity": "sha1-v5tKv7QrJ011FHnkTg/yZWtvEZM=",
      "requires": {
        "inherits": "~2.0.1",
        "readable-stream": "^1.0.27-1"
      }
    },
    "string_decoder": {
      "version": "0.10.31",
      "resolved": "https://registry.npmjs.org/string_decoder/-/string_decoder-0.10.31.tgz",
      "integrity": "sha1-YuIDvEF2bGwoyfyEMB2rHFMQ+pQ="
    },
    "strip-ansi": {
      "version": "0.1.1",
      "resolved": "https://registry.npmjs.org/strip-ansi/-/strip-ansi-0.1.1.tgz",
      "integrity": "sha1-OeipjQRNFQZgq+SmgIrPcLt7yZE="
    },
    "textangular": {
      "version": "1.4.3",
      "resolved": "https://registry.npmjs.org/textangular/-/textangular-1.4.3.tgz",
      "integrity": "sha1-CvtW71y+bGnNbS/JZo0UW8r6Fa8="
    },
    "timers-browserify": {
      "version": "1.4.2",
      "resolved": "https://registry.npmjs.org/timers-browserify/-/timers-browserify-1.4.2.tgz",
      "integrity": "sha1-ycWLV1voQHN1y14kYtrO50NZ9B0=",
      "requires": {
        "process": "~0.11.0"
      }
    },
    "tty-browserify": {
      "version": "0.0.0",
      "resolved": "https://registry.npmjs.org/tty-browserify/-/tty-browserify-0.0.0.tgz",
      "integrity": "sha1-oVe6QC2iTpv5V/mqadUk7tQpAaY="
    },
    "ui-select": {
      "version": "0.18.1",
      "resolved": "https://registry.npmjs.org/ui-select/-/ui-select-0.18.1.tgz",
      "integrity": "sha1-+2JWhJOYGZa3xEfiq1euycC3scE="
    },
    "underscore": {
      "version": "1.6.0",
      "resolved": "https://registry.npmjs.org/underscore/-/underscore-1.6.0.tgz",
      "integrity": "sha1-izixDKze9jM3uLJOT/htRa6lKag="
    },
    "url": {
      "version": "0.10.3",
      "resolved": "https://registry.npmjs.org/url/-/url-0.10.3.tgz",
      "integrity": "sha1-Ah5NnHcF8hu/N9A861h2dAJ3TGQ=",
      "requires": {
        "punycode": "1.3.2",
        "querystring": "0.2.0"
      },
      "dependencies": {
        "punycode": {
          "version": "1.3.2",
          "resolved": "https://registry.npmjs.org/punycode/-/punycode-1.3.2.tgz",
          "integrity": "sha1-llOgNvt8HuQjQvIyXM7v6jkmxI0="
        }
      }
    },
    "util": {
      "version": "0.10.4",
      "resolved": "https://registry.npmjs.org/util/-/util-0.10.4.tgz",
      "integrity": "sha512-0Pm9hTQ3se5ll1XihRic3FDIku70C+iHUdT/W926rSgHV5QgXsYbKZN8MSC3tJtSkhuROzvsQjAaFENRXr+19A==",
      "requires": {
        "inherits": "2.0.3"
      },
      "dependencies": {
        "inherits": {
          "version": "2.0.3",
          "resolved": "https://registry.npmjs.org/inherits/-/inherits-2.0.3.tgz",
          "integrity": "sha1-Yzwsg+PaQqUC9SRmAiSA9CCCYd4="
        }
      }
    },
    "vm-browserify": {
      "version": "0.0.4",
      "resolved": "https://registry.npmjs.org/vm-browserify/-/vm-browserify-0.0.4.tgz",
      "integrity": "sha1-XX6kW7755Kb/ZflUOOCofDV9WnM=",
      "requires": {
        "indexof": "0.0.1"
      }
    }
  }
}
